PODS:
  - Alamofire (1.2.1)
  - MagicalRecord (2.2):
    - MagicalRecord/Core (= 2.2)
  - MagicalRecord/Core (2.2)

DEPENDENCIES:
  - Alamofire (~> 1.2)
  - MagicalRecord

SPEC CHECKSUMS:
  Alamofire: 1acfdf179aff68b41a48dff70c1ac7fa263e2bcb
  MagicalRecord: f8a56bb87ab6552f20c4bb8681a1958a197ea3cd

COCOAPODS: 0.37.0
